
Microsoft Visual Studio Solution File, Format Version 12.00
# Visual Studio Version 17
VisualStudioVersion = 17.11.35208.52
MinimumVisualStudioVersion = 10.0.40219.1
Project("{D2ABAB84-BF74-430A-B69E-9DC6D40DDA17}") = "avance2_proyecto", "avance2_proyecto\avance2_proyecto.dwproj", "{30678983-EF6A-4E78-8C6E-55DC28AAF42B}"
EndProject
Global
	GlobalSection(SolutionConfigurationPlatforms) = preSolution
		Development|Default = Development|Default
	EndGlobalSection
	GlobalSection(ProjectConfigurationPlatforms) = postSolution
		{30678983-EF6A-4E78-8C6E-55DC28AAF42B}.Development|Default.ActiveCfg = Development
		{30678983-EF6A-4E78-8C6E-55DC28AAF42B}.Development|Default.Build.0 = Development
		{30678983-EF6A-4E78-8C6E-55DC28AAF42B}.Development|Default.Deploy.0 = Development
	EndGlobalSection
	GlobalSection(SolutionProperties) = preSolution
		HideSolutionNode = FALSE
	EndGlobalSection
	GlobalSection(ExtensibilityGlobals) = postSolution
		SolutionGuid = {CC7C475D-F1AF-4AD5-8CE0-6506CEC1E007}
	EndGlobalSection
EndGlobal
